// !$*UTF8*$!
{
	archiveVersion = 1;
	classes = {
	};
	objectVersion = 46;
	objects = {

/* Begin PBXBuildFile section */
		815619B9D9F6B4BC761ED14F /* libPods-TBVLogger.a in Frameworks */ = {isa = PBXBuildFile; fileRef = 096C63541D015A8CD764560E /* libPods-TBVLogger.a */; };
		D66215AD1EF4DD4B00DD4FB7 /* TBVLogger.framework in Frameworks */ = {isa = PBXBuildFile; fileRef = D66215A31EF4DD4B00DD4FB7 /* TBVLogger.framework */; };
		D66215B21EF4DD4B00DD4FB7 /* TBVLoggerTests.m in Sources */ = {isa = PBXBuildFile; fileRef = D66215B11EF4DD4B00DD4FB7 /* TBVLoggerTests.m */; };
		D66215C31EF4DED800DD4FB7 /* TBVLogger.h in Headers */ = {isa = PBXBuildFile; fileRef = D66215C11EF4DED800DD4FB7 /* TBVLogger.h */; };
		D66215C41EF4DED900DD4FB7 /* TBVLogger.m in Sources */ = {isa = PBXBuildFile; fileRef = D66215C21EF4DED800DD4FB7 /* TBVLogger.m */; };
		D66215C71EF4DFE200DD4FB7 /* TBVLoggerFormater.h in Headers */ = {isa = PBXBuildFile; fileRef = D66215C51EF4DFE200DD4FB7 /* TBVLoggerFormater.h */; };
		D66215C81EF4DFE200DD4FB7 /* TBVLoggerFormater.m in Sources */ = {isa = PBXBuildFile; fileRef = D66215C61EF4DFE200DD4FB7 /* TBVLoggerFormater.m */; };
/* End PBXBuildFile section */

/* Begin PBXContainerItemProxy section */
		D66215AE1EF4DD4B00DD4FB7 /* PBXContainerItemProxy */ = {
			isa = PBXContainerItemProxy;
			containerPortal = D662159A1EF4DD4B00DD4FB7 /* Project object */;
			proxyType = 1;
			remoteGlobalIDString = D66215A21EF4DD4B00DD4FB7;
			remoteInfo = TBVLogger;
		};
/* End PBXContainerItemProxy section */

/* Begin PBXFileReference section */
		096C63541D015A8CD764560E /* libPods-TBVLogger.a */ = {isa = PBXFileReference; explicitFileType = archive.ar; includeInIndex = 0; path = "libPods-TBVLogger.a"; sourceTree = BUILT_PRODUCTS_DIR; };
		51F355A83D86A2C47253B77D /* Pods-TBVLogger.debug.xcconfig */ = {isa = PBXFileReference; includeInIndex = 1; lastKnownFileType = text.xcconfig; name = "Pods-TBVLogger.debug.xcconfig"; path = "Pods/Target Support Files/Pods-TBVLogger/Pods-TBVLogger.debug.xcconfig"; sourceTree = "<group>"; };
		76E23C376A73E96573F36335 /* Pods-TBVLogger.release.xcconfig */ = {isa = PBXFileReference; includeInIndex = 1; lastKnownFileType = text.xcconfig; name = "Pods-TBVLogger.release.xcconfig"; path = "Pods/Target Support Files/Pods-TBVLogger/Pods-TBVLogger.release.xcconfig"; sourceTree = "<group>"; };
		D66215A31EF4DD4B00DD4FB7 /* TBVLogger.framework */ = {isa = PBXFileReference; explicitFileType = wrapper.framework; includeInIndex = 0; path = TBVLogger.framework; sourceTree = BUILT_PRODUCTS_DIR; };
		D66215A71EF4DD4B00DD4FB7 /* Info.plist */ = {isa = PBXFileReference; lastKnownFileType = text.plist.xml; path = Info.plist; sourceTree = "<group>"; };
		D66215AC1EF4DD4B00DD4FB7 /* TBVLoggerTests.xctest */ = {isa = PBXFileReference; explicitFileType = wrapper.cfbundle; includeInIndex = 0; path = TBVLoggerTests.xctest; sourceTree = BUILT_PRODUCTS_DIR; };
		D66215B11EF4DD4B00DD4FB7 /* TBVLoggerTests.m */ = {isa = PBXFileReference; lastKnownFileType = sourcecode.c.objc; path = TBVLoggerTests.m; sourceTree = "<group>"; };
		D66215B31EF4DD4B00DD4FB7 /* Info.plist */ = {isa = PBXFileReference; lastKnownFileType = text.plist.xml; path = Info.plist; sourceTree = "<group>"; };
		D66215C11EF4DED800DD4FB7 /* TBVLogger.h */ = {isa = PBXFileReference; fileEncoding = 4; lastKnownFileType = sourcecode.c.h; path = TBVLogger.h; sourceTree = "<group>"; };
		D66215C21EF4DED800DD4FB7 /* TBVLogger.m */ = {isa = PBXFileReference; fileEncoding = 4; lastKnownFileType = sourcecode.c.objc; path = TBVLogger.m; sourceTree = "<group>"; };
		D66215C51EF4DFE200DD4FB7 /* TBVLoggerFormater.h */ = {isa = PBXFileReference; fileEncoding = 4; lastKnownFileType = sourcecode.c.h; path = TBVLoggerFormater.h; sourceTree = "<group>"; };
		D66215C61EF4DFE200DD4FB7 /* TBVLoggerFormater.m */ = {isa = PBXFileReference; fileEncoding = 4; lastKnownFileType = sourcecode.c.objc; path = TBVLoggerFormater.m; sourceTree = "<group>"; };
/* End PBXFileReference section */

/* Begin PBXFrameworksBuildPhase section */
		D662159F1EF4DD4B00DD4FB7 /* Frameworks */ = {
			isa = PBXFrameworksBuildPhase;
			buildActionMask = 2147483647;
			files = (
				815619B9D9F6B4BC761ED14F /* libPods-TBVLogger.a in Frameworks */,
			);
			runOnlyForDeploymentPostprocessing = 0;
		};
		D66215A91EF4DD4B00DD4FB7 /* Frameworks */ = {
			isa = PBXFrameworksBuildPhase;
			buildActionMask = 2147483647;
			files = (
				D66215AD1EF4DD4B00DD4FB7 /* TBVLogger.framework in Frameworks */,
			);
			runOnlyForDeploymentPostprocessing = 0;
		};
/* End PBXFrameworksBuildPhase section */

/* Begin PBXGroup section */
		7274D09B1CB6092DC6E8CFD0 /* Pods */ = {
			isa = PBXGroup;
			children = (
				51F355A83D86A2C47253B77D /* Pods-TBVLogger.debug.xcconfig */,
				76E23C376A73E96573F36335 /* Pods-TBVLogger.release.xcconfig */,
			);
			name = Pods;
			sourceTree = "<group>";
		};
		76B1C232C8A8051520CF5E3A /* Frameworks */ = {
			isa = PBXGroup;
			children = (
				096C63541D015A8CD764560E /* libPods-TBVLogger.a */,
			);
			name = Frameworks;
			sourceTree = "<group>";
		};
		D66215991EF4DD4B00DD4FB7 = {
			isa = PBXGroup;
			children = (
				D66215A51EF4DD4B00DD4FB7 /* TBVLogger */,
				D66215B01EF4DD4B00DD4FB7 /* TBVLoggerTests */,
				D66215A41EF4DD4B00DD4FB7 /* Products */,
				7274D09B1CB6092DC6E8CFD0 /* Pods */,
				76B1C232C8A8051520CF5E3A /* Frameworks */,
			);
			sourceTree = "<group>";
		};
		D66215A41EF4DD4B00DD4FB7 /* Products */ = {
			isa = PBXGroup;
			children = (
				D66215A31EF4DD4B00DD4FB7 /* TBVLogger.framework */,
				D66215AC1EF4DD4B00DD4FB7 /* TBVLoggerTests.xctest */,
			);
			name = Products;
			sourceTree = "<group>";
		};
		D66215A51EF4DD4B00DD4FB7 /* TBVLogger */ = {
			isa = PBXGroup;
			children = (
				D66215C11EF4DED800DD4FB7 /* TBVLogger.h */,
				D66215C21EF4DED800DD4FB7 /* TBVLogger.m */,
				D66215C51EF4DFE200DD4FB7 /* TBVLoggerFormater.h */,
				D66215C61EF4DFE200DD4FB7 /* TBVLoggerFormater.m */,
				D66215A71EF4DD4B00DD4FB7 /* Info.plist */,
			);
			path = TBVLogger;
			sourceTree = "<group>";
		};
		D66215B01EF4DD4B00DD4FB7 /* TBVLoggerTests */ = {
			isa = PBXGroup;
			children = (
				D66215B11EF4DD4B00DD4FB7 /* TBVLoggerTests.m */,
				D66215B31EF4DD4B00DD4FB7 /* Info.plist */,
			);
			path = TBVLoggerTests;
			sourceTree = "<group>";
		};
/* End PBXGroup section */

/* Begin PBXHeadersBuildPhase section */
		D66215A01EF4DD4B00DD4FB7 /* Headers */ = {
			isa = PBXHeadersBuildPhase;
			buildActionMask = 2147483647;
			files = (
				D66215C31EF4DED800DD4FB7 /* TBVLogger.h in Headers */,
				D66215C71EF4DFE200DD4FB7 /* TBVLoggerFormater.h in Headers */,
			);
			runOnlyForDeploymentPostprocessing = 0;
		};
/* End PBXHeadersBuildPhase section */

/* Begin PBXNativeTarget section */
		D66215A21EF4DD4B00DD4FB7 /* TBVLogger */ = {
			isa = PBXNativeTarget;
			buildConfigurationList = D66215B71EF4DD4B00DD4FB7 /* Build configuration list for PBXNativeTarget "TBVLogger" */;
			buildPhases = (
				C42B98EBB4E201E6A80AB692 /* [CP] Check Pods Manifest.lock */,
				D662159E1EF4DD4B00DD4FB7 /* Sources */,
				D662159F1EF4DD4B00DD4FB7 /* Frameworks */,
				D66215A01EF4DD4B00DD4FB7 /* Headers */,
				D66215A11EF4DD4B00DD4FB7 /* Resources */,
				70FF18FD5ABFC9D62121B8E5 /* [CP] Copy Pods Resources */,
			);
			buildRules = (
			);
			dependencies = (
			);
			name = TBVLogger;
			productName = TBVLogger;
			productReference = D66215A31EF4DD4B00DD4FB7 /* TBVLogger.framework */;
			productType = "com.apple.product-type.framework";
		};
		D66215AB1EF4DD4B00DD4FB7 /* TBVLoggerTests */ = {
			isa = PBXNativeTarget;
			buildConfigurationList = D66215BA1EF4DD4B00DD4FB7 /* Build configuration list for PBXNativeTarget "TBVLoggerTests" */;
			buildPhases = (
				D66215A81EF4DD4B00DD4FB7 /* Sources */,
				D66215A91EF4DD4B00DD4FB7 /* Frameworks */,
				D66215AA1EF4DD4B00DD4FB7 /* Resources */,
			);
			buildRules = (
			);
			dependencies = (
				D66215AF1EF4DD4B00DD4FB7 /* PBXTargetDependency */,
			);
			name = TBVLoggerTests;
			productName = TBVLoggerTests;
			productReference = D66215AC1EF4DD4B00DD4FB7 /* TBVLoggerTests.xctest */;
			productType = "com.apple.product-type.bundle.unit-test";
		};
/* End PBXNativeTarget section */

/* Begin PBXProject section */
		D662159A1EF4DD4B00DD4FB7 /* Project object */ = {
			isa = PBXProject;
			attributes = {
				LastUpgradeCheck = 0830;
				ORGANIZATIONNAME = tripleCC;
				TargetAttributes = {
					D66215A21EF4DD4B00DD4FB7 = {
						CreatedOnToolsVersion = 8.3.3;
						ProvisioningStyle = Automatic;
					};
					D66215AB1EF4DD4B00DD4FB7 = {
						CreatedOnToolsVersion = 8.3.3;
						ProvisioningStyle = Automatic;
					};
				};
			};
			buildConfigurationList = D662159D1EF4DD4B00DD4FB7 /* Build configuration list for PBXProject "TBVLogger" */;
			compatibilityVersion = "Xcode 3.2";
			developmentRegion = English;
			hasScannedForEncodings = 0;
			knownRegions = (
				en,
			);
			mainGroup = D66215991EF4DD4B00DD4FB7;
			productRefGroup = D66215A41EF4DD4B00DD4FB7 /* Products */;
			projectDirPath = "";
			projectRoot = "";
			targets = (
				D66215A21EF4DD4B00DD4FB7 /* TBVLogger */,
				D66215AB1EF4DD4B00DD4FB7 /* TBVLoggerTests */,
			);
		};
/* End PBXProject section */

/* Begin PBXResourcesBuildPhase section */
		D66215A11EF4DD4B00DD4FB7 /* Resources */ = {
			isa = PBXResourcesBuildPhase;
			buildActionMask = 2147483647;
			files = (
			);
			runOnlyForDeploymentPostprocessing = 0;
		};
		D66215AA1EF4DD4B00DD4FB7 /* Resources */ = {
			isa = PBXResourcesBuildPhase;
			buildActionMask = 2147483647;
			files = (
			);
			runOnlyForDeploymentPostprocessing = 0;
		};
/* End PBXResourcesBuildPhase section */

/* Begin PBXShellScriptBuildPhase section */
		70FF18FD5ABFC9D62121B8E5 /* [CP] Copy Pods Resources */ = {
			isa = PBXShellScriptBuildPhase;
			buildActionMask = 2147483647;
			files = (
			);
			inputPaths = (
			);
			name = "[CP] Copy Pods Resources";
			outputPaths = (
			);
			runOnlyForDeploymentPostprocessing = 0;
			shellPath = /bin/sh;
			shellScript = "\"${SRCROOT}/Pods/Target Support Files/Pods-TBVLogger/Pods-TBVLogger-resources.sh\"\n";
			showEnvVarsInLog = 0;
		};
		C42B98EBB4E201E6A80AB692 /* [CP] Check Pods Manifest.lock */ = {
			isa = PBXShellScriptBuildPhase;
			buildActionMask = 2147483647;
			files = (
			);
			inputPaths = (
			);
			name = "[CP] Check Pods Manifest.lock";
			outputPaths = (
			);
			runOnlyForDeploymentPostprocessing = 0;
			shellPath = /bin/sh;
			shellScript = "diff \"${PODS_ROOT}/../Podfile.lock\" \"${PODS_ROOT}/Manifest.lock\" > /dev/null\nif [ $? != 0 ] ; then\n    # print error to STDERR\n    echo \"error: The sandbox is not in sync with the Podfile.lock. Run 'pod install' or update your CocoaPods installation.\" >&2\n    exit 1\nfi\n";
			showEnvVarsInLog = 0;
		};
/* End PBXShellScriptBuildPhase section */

/* Begin PBXSourcesBuildPhase section */
		D662159E1EF4DD4B00DD4FB7 /* Sources */ = {
			isa = PBXSourcesBuildPhase;
			buildActionMask = 2147483647;
			files = (
				D66215C81EF4DFE200DD4FB7 /* TBVLoggerFormater.m in Sources */,
				D66215C41EF4DED900DD4FB7 /* TBVLogger.m in Sources */,
			);
			runOnlyForDeploymentPostprocessing = 0;
		};
		D66215A81EF4DD4B00DD4FB7 /* Sources */ = {
			isa = PBXSourcesBuildPhase;
			buildActionMask = 2147483647;
			files = (
				D66215B21EF4DD4B00DD4FB7 /* TBVLoggerTests.m in Sources */,
			);
			runOnlyForDeploymentPostprocessing = 0;
		};
/* End PBXSourcesBuildPhase section */

/* Begin PBXTargetDependency section */
		D66215AF1EF4DD4B00DD4FB7 /* PBXTargetDependency */ = {
			isa = PBXTargetDependency;
			target = D66215A21EF4DD4B00DD4FB7 /* TBVLogger */;
			targetProxy = D66215AE1EF4DD4B00DD4FB7 /* PBXContainerItemProxy */;
		};
/* End PBXTargetDependency section */

/* Begin XCBuildConfiguration section */
		D66215B51EF4DD4B00DD4FB7 /* Debug */ = {
			isa = XCBuildConfiguration;
			buildSettings = {
				ALWAYS_SEARCH_USER_PATHS = NO;
				CLANG_ANALYZER_NONNULL = YES;
				CLANG_ANALYZER_NUMBER_OBJECT_CONVERSION = YES_AGGRESSIVE;
				CLANG_CXX_LANGUAGE_STANDARD = "gnu++0x";
				CLANG_CXX_LIBRARY = "libc++";
				CLANG_ENABLE_MODULES = YES;
				CLANG_ENABLE_OBJC_ARC = YES;
				CLANG_WARN_BOOL_CONVERSION = YES;
				CLANG_WARN_CONSTANT_CONVERSION = YES;
				CLANG_WARN_DIRECT_OBJC_ISA_USAGE = YES_ERROR;
				CLANG_WARN_DOCUMENTATION_COMMENTS = YES;
				CLANG_WARN_EMPTY_BODY = YES;
				CLANG_WARN_ENUM_CONVERSION = YES;
				CLANG_WARN_INFINITE_RECURSION = YES;
				CLANG_WARN_INT_CONVERSION = YES;
				CLANG_WARN_OBJC_ROOT_CLASS = YES_ERROR;
				CLANG_WARN_SUSPICIOUS_MOVE = YES;
				CLANG_WARN_UNREACHABLE_CODE = YES;
				CLANG_WARN__DUPLICATE_METHOD_MATCH = YES;
				"CODE_SIGN_IDENTITY[sdk=iphoneos*]" = "iPhone Developer";
				COPY_PHASE_STRIP = NO;
				CURRENT_PROJECT_VERSION = 1;
				DEBUG_INFORMATION_FORMAT = dwarf;
				ENABLE_STRICT_OBJC_MSGSEND = YES;
				ENABLE_TESTABILITY = YES;
				GCC_C_LANGUAGE_STANDARD = gnu99;
				GCC_DYNAMIC_NO_PIC = NO;
				GCC_NO_COMMON_BLOCKS = YES;
				GCC_OPTIMIZATION_LEVEL = 0;
				GCC_PREPROCESSOR_DEFINITIONS = (
					"DEBUG=1",
					"$(inherited)",
				);
				GCC_WARN_64_TO_32_BIT_CONVERSION = YES;
				GCC_WARN_ABOUT_RETURN_TYPE = YES_ERROR;
				GCC_WARN_UNDECLARED_SELECTOR = YES;
				GCC_WARN_UNINITIALIZED_AUTOS = YES_AGGRESSIVE;
				GCC_WARN_UNUSED_FUNCTION = YES;
				GCC_WARN_UNUSED_VARIABLE = YES;
				IPHONEOS_DEPLOYMENT_TARGET = 10.3;
				MTL_ENABLE_DEBUG_INFO = YES;
				ONLY_ACTIVE_ARCH = YES;
				SDKROOT = iphoneos;
				TARGETED_DEVICE_FAMILY = "1,2";
				VERSIONING_SYSTEM = "apple-generic";
				VERSION_INFO_PREFIX = "";
			};
			name = Debug;
		};
		D66215B61EF4DD4B00DD4FB7 /* Release */ = {
			isa = XCBuildConfiguration;
			buildSettings = {
				ALWAYS_SEARCH_USER_PATHS = NO;
				CLANG_ANALYZER_NONNULL = YES;
				CLANG_ANALYZER_NUMBER_OBJECT_CONVERSION = YES_AGGRESSIVE;
				CLANG_CXX_LANGUAGE_STANDARD = "gnu++0x";
				CLANG_CXX_LIBRARY = "libc++";
				CLANG_ENABLE_MODULES = YES;
				CLANG_ENABLE_OBJC_ARC = YES;
				CLANG_WARN_BOOL_CONVERSION = YES;
				CLANG_WARN_CONSTANT_CONVERSION = YES;
				CLANG_WARN_DIRECT_OBJC_ISA_USAGE = YES_ERROR;
				CLANG_WARN_DOCUMENTATION_COMMENTS = YES;
				CLANG_WARN_EMPTY_BODY = YES;
				CLANG_WARN_ENUM_CONVERSION = YES;
				CLANG_WARN_INFINITE_RECURSION = YES;
				CLANG_WARN_INT_CONVERSION = YES;
				CLANG_WARN_OBJC_ROOT_CLASS = YES_ERROR;
				CLANG_WARN_SUSPICIOUS_MOVE = YES;
				CLANG_WARN_UNREACHABLE_CODE = YES;
				CLANG_WARN__DUPLICATE_METHOD_MATCH = YES;
				"CODE_SIGN_IDENTITY[sdk=iphoneos*]" = "iPhone Developer";
				COPY_PHASE_STRIP = NO;
				CURRENT_PROJECT_VERSION = 1;
				DEBUG_INFORMATION_FORMAT = "dwarf-with-dsym";
				ENABLE_NS_ASSERTIONS = NO;
				ENABLE_STRICT_OBJC_MSGSEND = YES;
				GCC_C_LANGUAGE_STANDARD = gnu99;
				GCC_NO_COMMON_BLOCKS = YES;
				GCC_WARN_64_TO_32_BIT_CONVERSION = YES;
				GCC_WARN_ABOUT_RETURN_TYPE = YES_ERROR;
				GCC_WARN_UNDECLARED_SELECTOR = YES;
				GCC_WARN_UNINITIALIZED_AUTOS = YES_AGGRESSIVE;
				GCC_WARN_UNUSED_FUNCTION = YES;
				GCC_WARN_UNUSED_VARIABLE = YES;
				IPHONEOS_DEPLOYMENT_TARGET = 10.3;
				MTL_ENABLE_DEBUG_INFO = NO;
				SDKROOT = iphoneos;
				TARGETED_DEVICE_FAMILY = "1,2";
				VALIDATE_PRODUCT = YES;
				VERSIONING_SYSTEM = "apple-generic";
				VERSION_INFO_PREFIX = "";
			};
			name = Release;
		};
		D66215B81EF4DD4B00DD4FB7 /* Debug */ = {
			isa = XCBuildConfiguration;
			baseConfigurationReference = 51F355A83D86A2C47253B77D /* Pods-TBVLogger.debug.xcconfig */;
			buildSettings = {
				CODE_SIGN_IDENTITY = "";
				DEFINES_MODULE = YES;
				DYLIB_COMPATIBILITY_VERSION = 1;
				DYLIB_CURRENT_VERSION = 1;
				DYLIB_INSTALL_NAME_BASE = "@rpath";
				INFOPLIST_FILE = TBVLogger/Info.plist;
				INSTALL_PATH = "$(LOCAL_LIBRARY_DIR)/Frameworks";
				LD_RUNPATH_SEARCH_PATHS = "$(inherited) @executable_path/Frameworks @loader_path/Frameworks";
				PRODUCT_BUNDLE_IDENTIFIER = com.triplec.TBVLogger;
				PRODUCT_NAME = "$(TARGET_NAME)";
				SKIP_INSTALL = YES;
			};
			name = Debug;
		};
		D66215B91EF4DD4B00DD4FB7 /* Release */ = {
			isa = XCBuildConfiguration;
			baseConfigurationReference = 76E23C376A73E96573F36335 /* Pods-TBVLogger.release.xcconfig */;
			buildSettings = {
				CODE_SIGN_IDENTITY = "";
				DEFINES_MODULE = YES;
				DYLIB_COMPATIBILITY_VERSION = 1;
				DYLIB_CURRENT_VERSION = 1;
				DYLIB_INSTALL_NAME_BASE = "@rpath";
				INFOPLIST_FILE = TBVLogger/Info.plist;
				INSTALL_PATH = "$(LOCAL_LIBRARY_DIR)/Frameworks";
				LD_RUNPATH_SEARCH_PATHS = "$(inherited) @executable_path/Frameworks @loader_path/Frameworks";
				PRODUCT_BUNDLE_IDENTIFIER = com.triplec.TBVLogger;
				PRODUCT_NAME = "$(TARGET_NAME)";
				SKIP_INSTALL = YES;
			};
			name = Release;
		};
		D66215BB1EF4DD4B00DD4FB7 /* Debug */ = {
			isa = XCBuildConfiguration;
			buildSettings = {
				INFOPLIST_FILE = TBVLoggerTests/Info.plist;
				LD_RUNPATH_SEARCH_PATHS = "$(inherited) @executable_path/Frameworks @loader_path/Frameworks";
				PRODUCT_BUNDLE_IDENTIFIER = com.triplec.TBVLoggerTests;
				PRODUCT_NAME = "$(TARGET_NAME)";
			};
			name = Debug;
		};
		D66215BC1EF4DD4B00DD4FB7 /* Release */ = {
			isa = XCBuildConfiguration;
			buildSettings = {
				INFOPLIST_FILE = TBVLoggerTests/Info.plist;
				LD_RUNPATH_SEARCH_PATHS = "$(inherited) @executable_path/Frameworks @loader_path/Frameworks";
				PRODUCT_BUNDLE_IDENTIFIER = com.triplec.TBVLoggerTests;
				PRODUCT_NAME = "$(TARGET_NAME)";
			};
			name = Release;
		};
/* End XCBuildConfiguration section */

/* Begin XCConfigurationList section */
		D662159D1EF4DD4B00DD4FB7 /* Build configuration list for PBXProject "TBVLogger" */ = {
			isa = XCConfigurationList;
			buildConfigurations = (
				D66215B51EF4DD4B00DD4FB7 /* Debug */,
				D66215B61EF4DD4B00DD4FB7 /* Release */,
			);
			defaultConfigurationIsVisible = 0;
			defaultConfigurationName = Release;
		};
		D66215B71EF4DD4B00DD4FB7 /* Build configuration list for PBXNativeTarget "TBVLogger" */ = {
			isa = XCConfigurationList;
			buildConfigurations = (
				D66215B81EF4DD4B00DD4FB7 /* Debug */,
				D66215B91EF4DD4B00DD4FB7 /* Release */,
			);
			defaultConfigurationIsVisible = 0;
			defaultConfigurationName = Release;
		};
		D66215BA1EF4DD4B00DD4FB7 /* Build configuration list for PBXNativeTarget "TBVLoggerTests" */ = {
			isa = XCConfigurationList;
			buildConfigurations = (
				D66215BB1EF4DD4B00DD4FB7 /* Debug */,
				D66215BC1EF4DD4B00DD4FB7 /* Release */,
			);
			defaultConfigurationIsVisible = 0;
			defaultConfigurationName = Release;
		};
/* End XCConfigurationList section */
	};
	rootObject = D662159A1EF4DD4B00DD4FB7 /* Project object */;
}
